
Microsoft Visual Studio Solution File, Format Version 12.00
# Visual Studio Version 17
VisualStudioVersion = 17.5.33516.290
MinimumVisualStudioVersion = 10.0.40219.1
Project("{FAE04EC0-301F-11D3-BF4B-00C04F79EFBC}") = "Tugas_2_Kelompok_01", "Tugas_2_Kelompok_01\Tugas_2_Kelompok_01.csproj", "{0983326A-D7D6-43EB-A7D5-5A263D245619}"
EndProject
Global
	GlobalSection(SolutionConfigurationPlatforms) = preSolution
		Debug|Any CPU = Debug|Any CPU
		Release|Any CPU = Release|Any CPU
	EndGlobalSection
	GlobalSection(ProjectConfigurationPlatforms) = postSolution
		{0983326A-D7D6-43EB-A7D5-5A263D245619}.Debug|Any CPU.ActiveCfg = Debug|Any CPU
		{0983326A-D7D6-43EB-A7D5-5A263D245619}.Debug|Any CPU.Build.0 = Debug|Any CPU
		{0983326A-D7D6-43EB-A7D5-5A263D245619}.Release|Any CPU.ActiveCfg = Release|Any CPU
		{0983326A-D7D6-43EB-A7D5-5A263D245619}.Release|Any CPU.Build.0 = Release|Any CPU
	EndGlobalSection
	GlobalSection(SolutionProperties) = preSolution
		HideSolutionNode = FALSE
	EndGlobalSection
	GlobalSection(ExtensibilityGlobals) = postSolution
		SolutionGuid = {47790353-AEF1-48CD-89C2-E30EBD251B28}
	EndGlobalSection
EndGlobal
